
Microsoft Visual Studio Solution File, Format Version 12.00
# Visual Studio Version 17
VisualStudioVersion = 17.7.34221.43
MinimumVisualStudioVersion = 10.0.40219.1
Project("{9A19103F-16F7-4668-BE54-9A1E7A4F7556}") = "UserManagementSystem.UI", "UserManagementSystem.UI\UserManagementSystem.UI.csproj", "{ED4FF32A-28F3-400B-B6EA-B03E4EB63003}"
EndProject
Project("{9A19103F-16F7-4668-BE54-9A1E7A4F7556}") = "UserManagementSystem.Database", "UserManagementSystem.Database\UserManagementSystem.Database.csproj", "{382509A3-FE5A-4099-ADA2-B907D8D29822}"
EndProject
Project("{54435603-DBB4-11D2-8724-00A0C9A8B90C}") = "UserManagementSystem.Setup", "UserManagementSystem.Setup\UserManagementSystem.Setup.vdproj", "{0FBA2B66-3FFF-47CE-B0A8-D66EAF5A3032}"
EndProject
Global
	GlobalSection(SolutionConfigurationPlatforms) = preSolution
		Debug|Any CPU = Debug|Any CPU
		Release|Any CPU = Release|Any CPU
	EndGlobalSection
	GlobalSection(ProjectConfigurationPlatforms) = postSolution
		{ED4FF32A-28F3-400B-B6EA-B03E4EB63003}.Debug|Any CPU.ActiveCfg = Debug|Any CPU
		{ED4FF32A-28F3-400B-B6EA-B03E4EB63003}.Debug|Any CPU.Build.0 = Debug|Any CPU
		{ED4FF32A-28F3-400B-B6EA-B03E4EB63003}.Release|Any CPU.ActiveCfg = Release|Any CPU
		{ED4FF32A-28F3-400B-B6EA-B03E4EB63003}.Release|Any CPU.Build.0 = Release|Any CPU
		{382509A3-FE5A-4099-ADA2-B907D8D29822}.Debug|Any CPU.ActiveCfg = Debug|Any CPU
		{382509A3-FE5A-4099-ADA2-B907D8D29822}.Debug|Any CPU.Build.0 = Debug|Any CPU
		{382509A3-FE5A-4099-ADA2-B907D8D29822}.Release|Any CPU.ActiveCfg = Release|Any CPU
		{382509A3-FE5A-4099-ADA2-B907D8D29822}.Release|Any CPU.Build.0 = Release|Any CPU
		{0FBA2B66-3FFF-47CE-B0A8-D66EAF5A3032}.Debug|Any CPU.ActiveCfg = Debug
		{0FBA2B66-3FFF-47CE-B0A8-D66EAF5A3032}.Release|Any CPU.ActiveCfg = Release
	EndGlobalSection
	GlobalSection(SolutionProperties) = preSolution
		HideSolutionNode = FALSE
	EndGlobalSection
	GlobalSection(ExtensibilityGlobals) = postSolution
		SolutionGuid = {FC8A3CC3-B5CA-4974-AAFA-66419F49A121}
	EndGlobalSection
EndGlobal
